
Microsoft Visual Studio Solution File, Format Version 12.00
# Visual Studio Version 17
VisualStudioVersion = 17.14.36511.14 d17.14
MinimumVisualStudioVersion = 10.0.40219.1
Project("{FAE04EC0-301F-11D3-BF4B-00C04F79EFBC}") = "NotifyService", "NotifyService\NotifyService.csproj", "{17AD37F2-959A-4B25-BD80-392E506102D9}"
EndProject
Project("{FAE04EC0-301F-11D3-BF4B-00C04F79EFBC}") = "ApiGateway", "ApiGateway\ApiGateway.csproj", "{DC130A5E-5DC8-42B6-8060-DE94B71F4E09}"
EndProject
Project("{FAE04EC0-301F-11D3-BF4B-00C04F79EFBC}") = "ProjectService", "ProjectService\ProjectService.csproj", "{7849107B-0833-4A3E-93E9-87779FCE636F}"
EndProject
Project("{FAE04EC0-301F-11D3-BF4B-00C04F79EFBC}") = "TaskService", "TaskService\TaskService.csproj", "{AA8F3385-7E41-4078-919D-00E9A56C8722}"
EndProject
Global
	GlobalSection(SolutionConfigurationPlatforms) = preSolution
		Debug|Any CPU = Debug|Any CPU
		Release|Any CPU = Release|Any CPU
	EndGlobalSection
	GlobalSection(ProjectConfigurationPlatforms) = postSolution
		{17AD37F2-959A-4B25-BD80-392E506102D9}.Debug|Any CPU.ActiveCfg = Debug|Any CPU
		{17AD37F2-959A-4B25-BD80-392E506102D9}.Debug|Any CPU.Build.0 = Debug|Any CPU
		{17AD37F2-959A-4B25-BD80-392E506102D9}.Release|Any CPU.ActiveCfg = Release|Any CPU
		{17AD37F2-959A-4B25-BD80-392E506102D9}.Release|Any CPU.Build.0 = Release|Any CPU
		{DC130A5E-5DC8-42B6-8060-DE94B71F4E09}.Debug|Any CPU.ActiveCfg = Debug|Any CPU
		{DC130A5E-5DC8-42B6-8060-DE94B71F4E09}.Debug|Any CPU.Build.0 = Debug|Any CPU
		{DC130A5E-5DC8-42B6-8060-DE94B71F4E09}.Release|Any CPU.ActiveCfg = Release|Any CPU
		{DC130A5E-5DC8-42B6-8060-DE94B71F4E09}.Release|Any CPU.Build.0 = Release|Any CPU
		{7849107B-0833-4A3E-93E9-87779FCE636F}.Debug|Any CPU.ActiveCfg = Debug|Any CPU
		{7849107B-0833-4A3E-93E9-87779FCE636F}.Debug|Any CPU.Build.0 = Debug|Any CPU
		{7849107B-0833-4A3E-93E9-87779FCE636F}.Release|Any CPU.ActiveCfg = Release|Any CPU
		{7849107B-0833-4A3E-93E9-87779FCE636F}.Release|Any CPU.Build.0 = Release|Any CPU
		{AA8F3385-7E41-4078-919D-00E9A56C8722}.Debug|Any CPU.ActiveCfg = Debug|Any CPU
		{AA8F3385-7E41-4078-919D-00E9A56C8722}.Debug|Any CPU.Build.0 = Debug|Any CPU
		{AA8F3385-7E41-4078-919D-00E9A56C8722}.Release|Any CPU.ActiveCfg = Release|Any CPU
		{AA8F3385-7E41-4078-919D-00E9A56C8722}.Release|Any CPU.Build.0 = Release|Any CPU
	EndGlobalSection
	GlobalSection(SolutionProperties) = preSolution
		HideSolutionNode = FALSE
	EndGlobalSection
	GlobalSection(ExtensibilityGlobals) = postSolution
		SolutionGuid = {5A4B1BA7-7C4F-42A9-A10B-49BDD2C23E59}
	EndGlobalSection
EndGlobal
